
Microsoft Visual Studio Solution File, Format Version 12.00
# Visual Studio Version 17
VisualStudioVersion = 17.11.35327.3
MinimumVisualStudioVersion = 10.0.40219.1
Project("{2150E333-8FDC-42A3-9474-1A3956D46DE8}") = "src", "src", "{6FE5065B-2DB0-4B10-91A3-9B0C18A01DC9}"
EndProject
Project("{FAE04EC0-301F-11D3-BF4B-00C04F79EFBC}") = "Masasamjant.FileSystems", "Masasamjant.FileSystems\Masasamjant.FileSystems.csproj", "{00FC2448-9050-4851-BAE0-70B13D71E858}"
EndProject
Global
	GlobalSection(SolutionConfigurationPlatforms) = preSolution
		Debug|Any CPU = Debug|Any CPU
		Release|Any CPU = Release|Any CPU
	EndGlobalSection
	GlobalSection(ProjectConfigurationPlatforms) = postSolution
		{00FC2448-9050-4851-BAE0-70B13D71E858}.Debug|Any CPU.ActiveCfg = Debug|Any CPU
		{00FC2448-9050-4851-BAE0-70B13D71E858}.Debug|Any CPU.Build.0 = Debug|Any CPU
		{00FC2448-9050-4851-BAE0-70B13D71E858}.Release|Any CPU.ActiveCfg = Release|Any CPU
		{00FC2448-9050-4851-BAE0-70B13D71E858}.Release|Any CPU.Build.0 = Release|Any CPU
	EndGlobalSection
	GlobalSection(SolutionProperties) = preSolution
		HideSolutionNode = FALSE
	EndGlobalSection
	GlobalSection(NestedProjects) = preSolution
		{00FC2448-9050-4851-BAE0-70B13D71E858} = {6FE5065B-2DB0-4B10-91A3-9B0C18A01DC9}
	EndGlobalSection
	GlobalSection(ExtensibilityGlobals) = postSolution
		SolutionGuid = {68586AED-B72D-4188-A597-B09BCE21CBD0}
	EndGlobalSection
EndGlobal
