
Microsoft Visual Studio Solution File, Format Version 12.00
# Visual Studio Version 17
VisualStudioVersion = 17.13.35825.156
MinimumVisualStudioVersion = 10.0.40219.1
Project("{2150E333-8FDC-42A3-9474-1A3956D46DE8}") = "src", "src", "{02EA681E-C7D8-13C7-8484-4AC65E1B71E8}"
EndProject
Project("{FAE04EC0-301F-11D3-BF4B-00C04F79EFBC}") = "Masasamjant.Framework", "Masasamjant.Framework\Masasamjant.Framework.csproj", "{0A1DA9FA-D11B-4C81-9CF7-2871BB3A08A4}"
EndProject
Project("{2150E333-8FDC-42A3-9474-1A3956D46DE8}") = "test", "test", "{B6357D9B-1DE8-481D-A6BC-67DC406B37B0}"
EndProject
Project("{FAE04EC0-301F-11D3-BF4B-00C04F79EFBC}") = "Masasamjant.Framework.UnitTests", "Masasamjant.Framework.UnitTests\Masasamjant.Framework.UnitTests.csproj", "{075692A4-9AE5-476D-B9E7-A19EE4101A8E}"
EndProject
Project("{FAE04EC0-301F-11D3-BF4B-00C04F79EFBC}") = "Masasamjant.Framework.Modeling", "Masasamjant.Framework.Modeling\Masasamjant.Framework.Modeling.csproj", "{0B2E5209-580F-417C-B121-4C001272A3C9}"
EndProject
Project("{FAE04EC0-301F-11D3-BF4B-00C04F79EFBC}") = "Masasamjant.Framework.Web", "Masasamjant.Framework.Web\Masasamjant.Framework.Web.csproj", "{A8B6211E-EE45-4F44-BA53-625A62C36E93}"
EndProject
Project("{FAE04EC0-301F-11D3-BF4B-00C04F79EFBC}") = "Masasamjant.Framework.Repositories", "Masasamjant.Framework.Repositories\Masasamjant.Framework.Repositories.csproj", "{102D9A4E-E1B7-417B-8A8C-8DB9B202767A}"
EndProject
Global
	GlobalSection(SolutionConfigurationPlatforms) = preSolution
		Debug|Any CPU = Debug|Any CPU
		Release|Any CPU = Release|Any CPU
	EndGlobalSection
	GlobalSection(ProjectConfigurationPlatforms) = postSolution
		{0A1DA9FA-D11B-4C81-9CF7-2871BB3A08A4}.Debug|Any CPU.ActiveCfg = Debug|Any CPU
		{0A1DA9FA-D11B-4C81-9CF7-2871BB3A08A4}.Debug|Any CPU.Build.0 = Debug|Any CPU
		{0A1DA9FA-D11B-4C81-9CF7-2871BB3A08A4}.Release|Any CPU.ActiveCfg = Release|Any CPU
		{0A1DA9FA-D11B-4C81-9CF7-2871BB3A08A4}.Release|Any CPU.Build.0 = Release|Any CPU
		{075692A4-9AE5-476D-B9E7-A19EE4101A8E}.Debug|Any CPU.ActiveCfg = Debug|Any CPU
		{075692A4-9AE5-476D-B9E7-A19EE4101A8E}.Debug|Any CPU.Build.0 = Debug|Any CPU
		{075692A4-9AE5-476D-B9E7-A19EE4101A8E}.Release|Any CPU.ActiveCfg = Release|Any CPU
		{075692A4-9AE5-476D-B9E7-A19EE4101A8E}.Release|Any CPU.Build.0 = Release|Any CPU
		{0B2E5209-580F-417C-B121-4C001272A3C9}.Debug|Any CPU.ActiveCfg = Debug|Any CPU
		{0B2E5209-580F-417C-B121-4C001272A3C9}.Debug|Any CPU.Build.0 = Debug|Any CPU
		{0B2E5209-580F-417C-B121-4C001272A3C9}.Release|Any CPU.ActiveCfg = Release|Any CPU
		{0B2E5209-580F-417C-B121-4C001272A3C9}.Release|Any CPU.Build.0 = Release|Any CPU
		{A8B6211E-EE45-4F44-BA53-625A62C36E93}.Debug|Any CPU.ActiveCfg = Debug|Any CPU
		{A8B6211E-EE45-4F44-BA53-625A62C36E93}.Debug|Any CPU.Build.0 = Debug|Any CPU
		{A8B6211E-EE45-4F44-BA53-625A62C36E93}.Release|Any CPU.ActiveCfg = Release|Any CPU
		{A8B6211E-EE45-4F44-BA53-625A62C36E93}.Release|Any CPU.Build.0 = Release|Any CPU
		{102D9A4E-E1B7-417B-8A8C-8DB9B202767A}.Debug|Any CPU.ActiveCfg = Debug|Any CPU
		{102D9A4E-E1B7-417B-8A8C-8DB9B202767A}.Debug|Any CPU.Build.0 = Debug|Any CPU
		{102D9A4E-E1B7-417B-8A8C-8DB9B202767A}.Release|Any CPU.ActiveCfg = Release|Any CPU
		{102D9A4E-E1B7-417B-8A8C-8DB9B202767A}.Release|Any CPU.Build.0 = Release|Any CPU
	EndGlobalSection
	GlobalSection(SolutionProperties) = preSolution
		HideSolutionNode = FALSE
	EndGlobalSection
	GlobalSection(NestedProjects) = preSolution
		{0A1DA9FA-D11B-4C81-9CF7-2871BB3A08A4} = {02EA681E-C7D8-13C7-8484-4AC65E1B71E8}
		{075692A4-9AE5-476D-B9E7-A19EE4101A8E} = {B6357D9B-1DE8-481D-A6BC-67DC406B37B0}
		{0B2E5209-580F-417C-B121-4C001272A3C9} = {02EA681E-C7D8-13C7-8484-4AC65E1B71E8}
		{A8B6211E-EE45-4F44-BA53-625A62C36E93} = {02EA681E-C7D8-13C7-8484-4AC65E1B71E8}
		{102D9A4E-E1B7-417B-8A8C-8DB9B202767A} = {02EA681E-C7D8-13C7-8484-4AC65E1B71E8}
	EndGlobalSection
	GlobalSection(ExtensibilityGlobals) = postSolution
		SolutionGuid = {599C52B5-160A-4AF9-9951-040D3F362F9E}
	EndGlobalSection
EndGlobal
